<?xml version="1.0" encoding="utf-8"?>
<Project ToolsVersion="4.0" xmlns="http://schemas.microsoft.com/developer/msbuild/2003">
  <ItemGroup>
    <Filter Include="Source Files">
      <UniqueIdentifier>{4FC737F1-C7A5-4376-A066-2A32D752A2FF}</UniqueIdentifier>
      <Extensions>cpp;c;cc;cxx;def;odl;idl;hpj;bat;asm;asmx</Extensions>
    </Filter>
    <Filter Include="Header Files">
      <UniqueIdentifier>{93995380-89BD-4b04-88EB-625FBE52EBFB}</UniqueIdentifier>
      <Extensions>h;hh;hpp;hxx;hm;inl;inc;ipp;xsd</Extensions>
    </Filter>
    <Filter Include="Resource Files">
      <UniqueIdentifier>{67DA6AB6-F800-4c08-8B7A-83BB121AAD01}</UniqueIdentifier>
      <Extensions>rc;ico;cur;bmp;dlg;rc2;rct;bin;rgs;gif;jpg;jpeg;jpe;resx;tiff;tif;png;wav;mfcribbon-ms</Extensions>
    </Filter>
    <Filter Include="Header Files\Converter">
      <UniqueIdentifier>{801243e0-929a-4ffb-9a87-14aa193bccf3}</UniqueIdentifier>
    </Filter>
    <Filter Include="Header Files\Models">
      <UniqueIdentifier>{62fbd775-eee7-4efe-b7a3-5b796ae52310}</UniqueIdentifier>
    </Filter>
    <Filter Include="Source Files\Converter">
      <UniqueIdentifier>{4e5e77dd-63e0-450b-bb47-658572126b83}</UniqueIdentifier>
    </Filter>
    <Filter Include="Source Files\Models">
      <UniqueIdentifier>{9b9c1baf-6a2a-4651-a8e4-7dd3e4c6d288}</UniqueIdentifier>
    </Filter>
  </ItemGroup>
  <ItemGroup>
    <ClInclude Include="IAdapter.h">
      <Filter>Header Files</Filter>
    </ClInclude>
    <ClInclude Include="AbstractAdapter.h">
      <Filter>Header Files</Filter>
    </ClInclude>
    <ClInclude Include="NetAdapter.h">
      <Filter>Header Files</Filter>
    </ClInclude>
    <ClInclude Include="NetAdapters.h">
      <Filter>Header Files</Filter>
    </ClInclude>
    <ClInclude Include="SarigListener.h">
      <Filter>Header Files</Filter>
    </ClInclude>
    <ClInclude Include="packetsPool.h">
      <Filter>Header Files</Filter>
    </ClInclude>
    <ClInclude Include="rawPacketsPool.h">
      <Filter>Header Files</Filter>
    </ClInclude>
    <ClInclude Include="decryptedPacketPool.h">
      <Filter>Header Files</Filter>
    </ClInclude>
    <ClInclude Include="decryptedRtpsPacket.h">
      <Filter>Header Files</Filter>
    </ClInclude>
  </ItemGroup>
  <ItemGroup>
    <ClCompile Include="AbstractAdapter.cpp">
      <Filter>Source Files</Filter>
    </ClCompile>
    <ClCompile Include="NetAdapter.cpp">
      <Filter>Source Files</Filter>
    </ClCompile>
    <ClCompile Include="NetAdapters.cpp">
      <Filter>Source Files</Filter>
    </ClCompile>
    <ClCompile Include="SarigListener.cpp">
      <Filter>Source Files</Filter>
    </ClCompile>
  </ItemGroup>
</Project>